
Microsoft Visual Studio Solution File, Format Version 12.00
# Visual Studio Version 16
VisualStudioVersion = 16.0.30011.22
MinimumVisualStudioVersion = 10.0.40219.1
Project("{FAE04EC0-301F-11D3-BF4B-00C04F79EFBC}") = "APIMatrixRotateSwagger", "APIMatrixRotateSwagger\APIMatrixRotateSwagger.csproj", "{38873A28-A251-4420-AFB8-8FF3C2EB796A}"
EndProject
Global
	GlobalSection(SolutionConfigurationPlatforms) = preSolution
		Debug|Any CPU = Debug|Any CPU
		Release|Any CPU = Release|Any CPU
	EndGlobalSection
	GlobalSection(ProjectConfigurationPlatforms) = postSolution
		{38873A28-A251-4420-AFB8-8FF3C2EB796A}.Debug|Any CPU.ActiveCfg = Debug|Any CPU
		{38873A28-A251-4420-AFB8-8FF3C2EB796A}.Debug|Any CPU.Build.0 = Debug|Any CPU
		{38873A28-A251-4420-AFB8-8FF3C2EB796A}.Release|Any CPU.ActiveCfg = Release|Any CPU
		{38873A28-A251-4420-AFB8-8FF3C2EB796A}.Release|Any CPU.Build.0 = Release|Any CPU
	EndGlobalSection
	GlobalSection(SolutionProperties) = preSolution
		HideSolutionNode = FALSE
	EndGlobalSection
	GlobalSection(ExtensibilityGlobals) = postSolution
		SolutionGuid = {501CFFFE-DB27-4B38-B74C-40767F2E41FA}
	EndGlobalSection
EndGlobal
